PODS:
  - AFNetworking (3.1.0):
    - AFNetworking/NSURLSession (= 3.1.0)
    - AFNetworking/Reachability (= 3.1.0)
    - AFNetworking/Security (= 3.1.0)
    - AFNetworking/Serialization (= 3.1.0)
    - AFNetworking/UIKit (= 3.1.0)
  - AFNetworking/NSURLSession (3.1.0):
    - AFNetworking/Reachability
    - AFNetworking/Security
    - AFNetworking/Serialization
  - AFNetworking/Reachability (3.1.0)
  - AFNetworking/Security (3.1.0)
  - AFNetworking/Serialization (3.1.0)
  - AFNetworking/UIKit (3.1.0):
    - AFNetworking/NSURLSession
  - CocoaAsyncSocket (7.6.3)
  - DZNEmptyDataSet (1.8.1)
  - IQKeyboardManager (4.0.13)
  - Masonry (1.0.2)
  - MBProgressHUD (1.0.0)
  - MJRefresh (3.1.14.1)
  - PPBadgeView (2.0.0)
  - ReactiveCocoa (2.5):
    - ReactiveCocoa/UI (= 2.5)
  - ReactiveCocoa/Core (2.5):
    - ReactiveCocoa/no-arc
  - ReactiveCocoa/no-arc (2.5)
  - ReactiveCocoa/UI (2.5):
    - ReactiveCocoa/Core
  - RongCloudIM/IMLib (2.8.20)
  - SDCycleScrollView (1.73):
    - SDWebImage (~> 4.0.0)
  - SDWebImage (4.0.0):
    - SDWebImage/Core (= 4.0.0)
  - SDWebImage/Core (4.0.0)
  - SPPageMenu (2.5.3)
  - WRNavigationBar (1.2.0)
  - YYKit (1.0.9):
    - YYKit/no-arc (= 1.0.9)
  - YYKit/no-arc (1.0.9)

DEPENDENCIES:
  - AFNetworking (~> 3.1.0)
  - CocoaAsyncSocket
  - DZNEmptyDataSet (~> 1.8.1)
  - IQKeyboardManager (~> 4.0.8)
  - Masonry (~> 1.0.2)
  - MBProgressHUD (~> 1.0.0)
  - MJRefresh (~> 3.1.12)
  - PPBadgeView (~> 2.0.0)
  - ReactiveCocoa (~> 2.4)
  - RongCloudIM/IMLib (~> 2.8.3)
  - SDCycleScrollView (~> 1.65)
  - SPPageMenu
  - WRNavigationBar
  - YYKit (~> 1.0.9)

SPEC REPOS:
  https://github.com/CocoaPods/Specs.git:
    - AFNetworking
    - CocoaAsyncSocket
    - DZNEmptyDataSet
    - IQKeyboardManager
    - Masonry
    - MBProgressHUD
    - MJRefresh
    - PPBadgeView
    - ReactiveCocoa
    - RongCloudIM
    - SDCycleScrollView
    - SDWebImage
    - SPPageMenu
    - WRNavigationBar
    - YYKit

SPEC CHECKSUMS:
  AFNetworking: 5e0e199f73d8626b11e79750991f5d173d1f8b67
  CocoaAsyncSocket: eafaa68a7e0ec99ead0a7b35015e0bf25d2c8987
  DZNEmptyDataSet: 9525833b9e68ac21c30253e1d3d7076cc828eaa7
  IQKeyboardManager: 8eab4d8111418414619d1df8e4779ce5d0f8d7e2
  Masonry: 7c429b56da9d4ee0bbb3ed77a5ea710d6a5df39e
  MBProgressHUD: 4890f671c94e8a0f3cf959aa731e9de2f036d71a
  MJRefresh: 238e6a37e2dba12160ee3b79f6d2a2b26abcab42
  PPBadgeView: 2448a69475d313641f0f53dc283e183ecefeeab8
  ReactiveCocoa: e2db045570aa97c695e7aa97c2bcab222ae51f4a
  RongCloudIM: fbb835e78844cb11f3f279467dea0fc962905002
  SDCycleScrollView: d0fd5fe40a80918371fd8939214eb3be81033d83
  SDWebImage: 76a6348bdc74eb5a55dd08a091ef298e56b55e41
  SPPageMenu: 72d6ce1e8a25b6b8fbbc50635a15e809dc43ad13
  WRNavigationBar: dc952230effbb646785f962587caaac06c60f229
  YYKit: 7cda43304a8dc3696c449041e2cb3107b4e236e7

PODFILE CHECKSUM: 6a72003da07a2ad7ddfaf2a57b6839f4781ed5d5

COCOAPODS: 1.5.0
